
Microsoft Visual Studio Solution File, Format Version 12.00
# Visual Studio Version 17
VisualStudioVersion = 17.7.34031.279
MinimumVisualStudioVersion = 10.0.40219.1
Project("{8BC9CEB8-8B4A-11D0-8D11-00A0C91BC942}") = "Bai005", "Bai005\Bai005.vcxproj", "{100A5222-8C9C-4FFD-8417-119C093BE89C}"
EndProject
Project("{8BC9CEB8-8B4A-11D0-8D11-00A0C91BC942}") = "Bai010", "Bai010\Bai010.vcxproj", "{B90D7BD5-0A5A-43ED-AE92-66FC0082F3AB}"
EndProject
Project("{8BC9CEB8-8B4A-11D0-8D11-00A0C91BC942}") = "Bai015", "Bai015\Bai015.vcxproj", "{7DDC7389-4D50-4B40-B052-1F50C4F4DBEC}"
EndProject
Project("{8BC9CEB8-8B4A-11D0-8D11-00A0C91BC942}") = "Bai020", "Bai020\Bai020.vcxproj", "{182EABB0-6888-4221-991C-F241AD510A93}"
EndProject
Project("{8BC9CEB8-8B4A-11D0-8D11-00A0C91BC942}") = "Bai025", "Bai025\Bai025.vcxproj", "{3F3948D6-E6CB-4A7E-A649-E7049FCA13BA}"
EndProject
Project("{8BC9CEB8-8B4A-11D0-8D11-00A0C91BC942}") = "Bai030", "Bai030\Bai030.vcxproj", "{BD31FA55-E1FA-44B4-AC8F-6882C024DDD7}"
EndProject
Project("{8BC9CEB8-8B4A-11D0-8D11-00A0C91BC942}") = "Bai035", "Bai035\Bai035.vcxproj", "{8FA372A8-62C3-46DD-B51C-03243108B386}"
EndProject
Project("{8BC9CEB8-8B4A-11D0-8D11-00A0C91BC942}") = "Bai040", "Bai040\Bai040.vcxproj", "{21D19B89-8FFB-443A-8FB0-B0D6EE3D7E6E}"
EndProject
Project("{8BC9CEB8-8B4A-11D0-8D11-00A0C91BC942}") = "Bai045", "Bai045\Bai045.vcxproj", "{56420CE2-F26D-4BAB-9AA2-E88A579483B0}"
EndProject
Project("{8BC9CEB8-8B4A-11D0-8D11-00A0C91BC942}") = "Bai050", "Bai050\Bai050.vcxproj", "{719706AA-03FB-4E70-97D8-C8012A2AB8AD}"
EndProject
Project("{8BC9CEB8-8B4A-11D0-8D11-00A0C91BC942}") = "Bai055", "Bai055\Bai055.vcxproj", "{B30C32D4-55B6-4205-9A82-3236300D7B9E}"
EndProject
Project("{8BC9CEB8-8B4A-11D0-8D11-00A0C91BC942}") = "Bai060", "Bai060\Bai060.vcxproj", "{18045E60-663B-487E-BF19-41F8EFCCCE18}"
EndProject
Project("{8BC9CEB8-8B4A-11D0-8D11-00A0C91BC942}") = "Bai065", "Bai065\Bai065.vcxproj", "{95717FF6-B3A9-407C-A3F3-5956F00612E8}"
EndProject
Project("{8BC9CEB8-8B4A-11D0-8D11-00A0C91BC942}") = "Bai070", "Bai070\Bai070.vcxproj", "{A4894EB0-503F-4390-9598-BC277A560F26}"
EndProject
Project("{8BC9CEB8-8B4A-11D0-8D11-00A0C91BC942}") = "Bai075", "Bai075\Bai075.vcxproj", "{C26F5421-5CE4-4D3C-9019-CA12FE437178}"
EndProject
Project("{8BC9CEB8-8B4A-11D0-8D11-00A0C91BC942}") = "Bai080", "Bai080\Bai080.vcxproj", "{8244DCC4-3234-4FB4-8C4D-386F4EBE40C2}"
EndProject
Project("{8BC9CEB8-8B4A-11D0-8D11-00A0C91BC942}") = "Bai085", "Bai085\Bai085.vcxproj", "{54CE5F23-FD09-4F09-A442-A63493A2D80D}"
EndProject
Project("{8BC9CEB8-8B4A-11D0-8D11-00A0C91BC942}") = "Bai090", "Bai090\Bai090.vcxproj", "{54BEDBC4-8D39-44C8-96A9-E8295F67647D}"
EndProject
Project("{8BC9CEB8-8B4A-11D0-8D11-00A0C91BC942}") = "Bai095", "Bai095\Bai095.vcxproj", "{E293BF99-A6BD-4838-8BF6-A0A3F69DBE92}"
EndProject
Project("{8BC9CEB8-8B4A-11D0-8D11-00A0C91BC942}") = "Bai100", "Bai100\Bai100.vcxproj", "{D8829339-5657-4486-845A-9623EF0A3B72}"
EndProject
Project("{8BC9CEB8-8B4A-11D0-8D11-00A0C91BC942}") = "Bai001", "Bai001\Bai001.vcxproj", "{85D5C613-7FC1-466A-970D-2898C2DAA5A3}"
EndProject
Project("{8BC9CEB8-8B4A-11D0-8D11-00A0C91BC942}") = "Bai006", "Bai006\Bai006.vcxproj", "{5688F2E6-EE21-4C19-A92D-7A12B09F951C}"
EndProject
Project("{8BC9CEB8-8B4A-11D0-8D11-00A0C91BC942}") = "Bai011", "Bai011\Bai011.vcxproj", "{E413ADE7-63E2-4851-8684-C0C2E0C5319D}"
EndProject
Project("{8BC9CEB8-8B4A-11D0-8D11-00A0C91BC942}") = "Bai016", "Bai016\Bai016.vcxproj", "{6FAC5F9C-1B57-4EC0-A9E6-8A81339502CD}"
EndProject
Project("{8BC9CEB8-8B4A-11D0-8D11-00A0C91BC942}") = "Bai021", "Bai021\Bai021.vcxproj", "{1A095AE8-9BA6-4599-BA4D-28ED012F3E71}"
EndProject
Project("{8BC9CEB8-8B4A-11D0-8D11-00A0C91BC942}") = "Bai026", "Bai026\Bai026.vcxproj", "{39FCA48B-1344-400D-AAF5-79C6821205D0}"
EndProject
Project("{8BC9CEB8-8B4A-11D0-8D11-00A0C91BC942}") = "Bai031", "Bai031\Bai031.vcxproj", "{3563CC4B-CFFF-468C-8361-EA7D3B0EBF7C}"
EndProject
Project("{8BC9CEB8-8B4A-11D0-8D11-00A0C91BC942}") = "Bai036", "Bai036\Bai036.vcxproj", "{25A1418C-2EF0-4B38-8CF9-33F3B4BC8198}"
EndProject
Project("{8BC9CEB8-8B4A-11D0-8D11-00A0C91BC942}") = "Bai041", "Bai041\Bai041.vcxproj", "{C3362E21-C3FB-40E6-8AAE-E1AD82839E14}"
EndProject
Project("{8BC9CEB8-8B4A-11D0-8D11-00A0C91BC942}") = "Bai046", "Bai046\Bai046.vcxproj", "{7E319756-6FD5-42B9-A3D6-9CF78F9003C0}"
EndProject
Project("{8BC9CEB8-8B4A-11D0-8D11-00A0C91BC942}") = "Bai051", "Bai051\Bai051.vcxproj", "{2E7C6015-1CCE-41EB-AE07-727DA1D68618}"
EndProject
Project("{8BC9CEB8-8B4A-11D0-8D11-00A0C91BC942}") = "Bai056", "Bai056\Bai056.vcxproj", "{71749837-E799-4CF7-8C16-665A699A8672}"
EndProject
Project("{8BC9CEB8-8B4A-11D0-8D11-00A0C91BC942}") = "Bai061", "Bai061\Bai061.vcxproj", "{BD4BA9B8-B120-48B8-8D01-C5DADDEADC16}"
EndProject
Global
	GlobalSection(SolutionConfigurationPlatforms) = preSolution
		Debug|x64 = Debug|x64
		Debug|x86 = Debug|x86
		Release|x64 = Release|x64
		Release|x86 = Release|x86
	EndGlobalSection
	GlobalSection(ProjectConfigurationPlatforms) = postSolution
		{100A5222-8C9C-4FFD-8417-119C093BE89C}.Debug|x64.ActiveCfg = Debug|x64
		{100A5222-8C9C-4FFD-8417-119C093BE89C}.Debug|x64.Build.0 = Debug|x64
		{100A5222-8C9C-4FFD-8417-119C093BE89C}.Debug|x86.ActiveCfg = Debug|Win32
		{100A5222-8C9C-4FFD-8417-119C093BE89C}.Debug|x86.Build.0 = Debug|Win32
		{100A5222-8C9C-4FFD-8417-119C093BE89C}.Release|x64.ActiveCfg = Release|x64
		{100A5222-8C9C-4FFD-8417-119C093BE89C}.Release|x64.Build.0 = Release|x64
		{100A5222-8C9C-4FFD-8417-119C093BE89C}.Release|x86.ActiveCfg = Release|Win32
		{100A5222-8C9C-4FFD-8417-119C093BE89C}.Release|x86.Build.0 = Release|Win32
		{B90D7BD5-0A5A-43ED-AE92-66FC0082F3AB}.Debug|x64.ActiveCfg = Debug|x64
		{B90D7BD5-0A5A-43ED-AE92-66FC0082F3AB}.Debug|x64.Build.0 = Debug|x64
		{B90D7BD5-0A5A-43ED-AE92-66FC0082F3AB}.Debug|x86.ActiveCfg = Debug|Win32
		{B90D7BD5-0A5A-43ED-AE92-66FC0082F3AB}.Debug|x86.Build.0 = Debug|Win32
		{B90D7BD5-0A5A-43ED-AE92-66FC0082F3AB}.Release|x64.ActiveCfg = Release|x64
		{B90D7BD5-0A5A-43ED-AE92-66FC0082F3AB}.Release|x64.Build.0 = Release|x64
		{B90D7BD5-0A5A-43ED-AE92-66FC0082F3AB}.Release|x86.ActiveCfg = Release|Win32
		{B90D7BD5-0A5A-43ED-AE92-66FC0082F3AB}.Release|x86.Build.0 = Release|Win32
		{7DDC7389-4D50-4B40-B052-1F50C4F4DBEC}.Debug|x64.ActiveCfg = Debug|x64
		{7DDC7389-4D50-4B40-B052-1F50C4F4DBEC}.Debug|x64.Build.0 = Debug|x64
		{7DDC7389-4D50-4B40-B052-1F50C4F4DBEC}.Debug|x86.ActiveCfg = Debug|Win32
		{7DDC7389-4D50-4B40-B052-1F50C4F4DBEC}.Debug|x86.Build.0 = Debug|Win32
		{7DDC7389-4D50-4B40-B052-1F50C4F4DBEC}.Release|x64.ActiveCfg = Release|x64
		{7DDC7389-4D50-4B40-B052-1F50C4F4DBEC}.Release|x64.Build.0 = Release|x64
		{7DDC7389-4D50-4B40-B052-1F50C4F4DBEC}.Release|x86.ActiveCfg = Release|Win32
		{7DDC7389-4D50-4B40-B052-1F50C4F4DBEC}.Release|x86.Build.0 = Release|Win32
		{182EABB0-6888-4221-991C-F241AD510A93}.Debug|x64.ActiveCfg = Debug|x64
		{182EABB0-6888-4221-991C-F241AD510A93}.Debug|x64.Build.0 = Debug|x64
		{182EABB0-6888-4221-991C-F241AD510A93}.Debug|x86.ActiveCfg = Debug|Win32
		{182EABB0-6888-4221-991C-F241AD510A93}.Debug|x86.Build.0 = Debug|Win32
		{182EABB0-6888-4221-991C-F241AD510A93}.Release|x64.ActiveCfg = Release|x64
		{182EABB0-6888-4221-991C-F241AD510A93}.Release|x64.Build.0 = Release|x64
		{182EABB0-6888-4221-991C-F241AD510A93}.Release|x86.ActiveCfg = Release|Win32
		{182EABB0-6888-4221-991C-F241AD510A93}.Release|x86.Build.0 = Release|Win32
		{3F3948D6-E6CB-4A7E-A649-E7049FCA13BA}.Debug|x64.ActiveCfg = Debug|x64
		{3F3948D6-E6CB-4A7E-A649-E7049FCA13BA}.Debug|x64.Build.0 = Debug|x64
		{3F3948D6-E6CB-4A7E-A649-E7049FCA13BA}.Debug|x86.ActiveCfg = Debug|Win32
		{3F3948D6-E6CB-4A7E-A649-E7049FCA13BA}.Debug|x86.Build.0 = Debug|Win32
		{3F3948D6-E6CB-4A7E-A649-E7049FCA13BA}.Release|x64.ActiveCfg = Release|x64
		{3F3948D6-E6CB-4A7E-A649-E7049FCA13BA}.Release|x64.Build.0 = Release|x64
		{3F3948D6-E6CB-4A7E-A649-E7049FCA13BA}.Release|x86.ActiveCfg = Release|Win32
		{3F3948D6-E6CB-4A7E-A649-E7049FCA13BA}.Release|x86.Build.0 = Release|Win32
		{BD31FA55-E1FA-44B4-AC8F-6882C024DDD7}.Debug|x64.ActiveCfg = Debug|x64
		{BD31FA55-E1FA-44B4-AC8F-6882C024DDD7}.Debug|x64.Build.0 = Debug|x64
		{BD31FA55-E1FA-44B4-AC8F-6882C024DDD7}.Debug|x86.ActiveCfg = Debug|Win32
		{BD31FA55-E1FA-44B4-AC8F-6882C024DDD7}.Debug|x86.Build.0 = Debug|Win32
		{BD31FA55-E1FA-44B4-AC8F-6882C024DDD7}.Release|x64.ActiveCfg = Release|x64
		{BD31FA55-E1FA-44B4-AC8F-6882C024DDD7}.Release|x64.Build.0 = Release|x64
		{BD31FA55-E1FA-44B4-AC8F-6882C024DDD7}.Release|x86.ActiveCfg = Release|Win32
		{BD31FA55-E1FA-44B4-AC8F-6882C024DDD7}.Release|x86.Build.0 = Release|Win32
		{8FA372A8-62C3-46DD-B51C-03243108B386}.Debug|x64.ActiveCfg = Debug|x64
		{8FA372A8-62C3-46DD-B51C-03243108B386}.Debug|x64.Build.0 = Debug|x64
		{8FA372A8-62C3-46DD-B51C-03243108B386}.Debug|x86.ActiveCfg = Debug|Win32
		{8FA372A8-62C3-46DD-B51C-03243108B386}.Debug|x86.Build.0 = Debug|Win32
		{8FA372A8-62C3-46DD-B51C-03243108B386}.Release|x64.ActiveCfg = Release|x64
		{8FA372A8-62C3-46DD-B51C-03243108B386}.Release|x64.Build.0 = Release|x64
		{8FA372A8-62C3-46DD-B51C-03243108B386}.Release|x86.ActiveCfg = Release|Win32
		{8FA372A8-62C3-46DD-B51C-03243108B386}.Release|x86.Build.0 = Release|Win32
		{21D19B89-8FFB-443A-8FB0-B0D6EE3D7E6E}.Debug|x64.ActiveCfg = Debug|x64
		{21D19B89-8FFB-443A-8FB0-B0D6EE3D7E6E}.Debug|x64.Build.0 = Debug|x64
		{21D19B89-8FFB-443A-8FB0-B0D6EE3D7E6E}.Debug|x86.ActiveCfg = Debug|Win32
		{21D19B89-8FFB-443A-8FB0-B0D6EE3D7E6E}.Debug|x86.Build.0 = Debug|Win32
		{21D19B89-8FFB-443A-8FB0-B0D6EE3D7E6E}.Release|x64.ActiveCfg = Release|x64
		{21D19B89-8FFB-443A-8FB0-B0D6EE3D7E6E}.Release|x64.Build.0 = Release|x64
		{21D19B89-8FFB-443A-8FB0-B0D6EE3D7E6E}.Release|x86.ActiveCfg = Release|Win32
		{21D19B89-8FFB-443A-8FB0-B0D6EE3D7E6E}.Release|x86.Build.0 = Release|Win32
		{56420CE2-F26D-4BAB-9AA2-E88A579483B0}.Debug|x64.ActiveCfg = Debug|x64
		{56420CE2-F26D-4BAB-9AA2-E88A579483B0}.Debug|x64.Build.0 = Debug|x64
		{56420CE2-F26D-4BAB-9AA2-E88A579483B0}.Debug|x86.ActiveCfg = Debug|Win32
		{56420CE2-F26D-4BAB-9AA2-E88A579483B0}.Debug|x86.Build.0 = Debug|Win32
		{56420CE2-F26D-4BAB-9AA2-E88A579483B0}.Release|x64.ActiveCfg = Release|x64
		{56420CE2-F26D-4BAB-9AA2-E88A579483B0}.Release|x64.Build.0 = Release|x64
		{56420CE2-F26D-4BAB-9AA2-E88A579483B0}.Release|x86.ActiveCfg = Release|Win32
		{56420CE2-F26D-4BAB-9AA2-E88A579483B0}.Release|x86.Build.0 = Release|Win32
		{719706AA-03FB-4E70-97D8-C8012A2AB8AD}.Debug|x64.ActiveCfg = Debug|x64
		{719706AA-03FB-4E70-97D8-C8012A2AB8AD}.Debug|x64.Build.0 = Debug|x64
		{719706AA-03FB-4E70-97D8-C8012A2AB8AD}.Debug|x86.ActiveCfg = Debug|Win32
		{719706AA-03FB-4E70-97D8-C8012A2AB8AD}.Debug|x86.Build.0 = Debug|Win32
		{719706AA-03FB-4E70-97D8-C8012A2AB8AD}.Release|x64.ActiveCfg = Release|x64
		{719706AA-03FB-4E70-97D8-C8012A2AB8AD}.Release|x64.Build.0 = Release|x64
		{719706AA-03FB-4E70-97D8-C8012A2AB8AD}.Release|x86.ActiveCfg = Release|Win32
		{719706AA-03FB-4E70-97D8-C8012A2AB8AD}.Release|x86.Build.0 = Release|Win32
		{B30C32D4-55B6-4205-9A82-3236300D7B9E}.Debug|x64.ActiveCfg = Debug|x64
		{B30C32D4-55B6-4205-9A82-3236300D7B9E}.Debug|x64.Build.0 = Debug|x64
		{B30C32D4-55B6-4205-9A82-3236300D7B9E}.Debug|x86.ActiveCfg = Debug|Win32
		{B30C32D4-55B6-4205-9A82-3236300D7B9E}.Debug|x86.Build.0 = Debug|Win32
		{B30C32D4-55B6-4205-9A82-3236300D7B9E}.Release|x64.ActiveCfg = Release|x64
		{B30C32D4-55B6-4205-9A82-3236300D7B9E}.Release|x64.Build.0 = Release|x64
		{B30C32D4-55B6-4205-9A82-3236300D7B9E}.Release|x86.ActiveCfg = Release|Win32
		{B30C32D4-55B6-4205-9A82-3236300D7B9E}.Release|x86.Build.0 = Release|Win32
		{18045E60-663B-487E-BF19-41F8EFCCCE18}.Debug|x64.ActiveCfg = Debug|x64
		{18045E60-663B-487E-BF19-41F8EFCCCE18}.Debug|x64.Build.0 = Debug|x64
		{18045E60-663B-487E-BF19-41F8EFCCCE18}.Debug|x86.ActiveCfg = Debug|Win32
		{18045E60-663B-487E-BF19-41F8EFCCCE18}.Debug|x86.Build.0 = Debug|Win32
		{18045E60-663B-487E-BF19-41F8EFCCCE18}.Release|x64.ActiveCfg = Release|x64
		{18045E60-663B-487E-BF19-41F8EFCCCE18}.Release|x64.Build.0 = Release|x64
		{18045E60-663B-487E-BF19-41F8EFCCCE18}.Release|x86.ActiveCfg = Release|Win32
		{18045E60-663B-487E-BF19-41F8EFCCCE18}.Release|x86.Build.0 = Release|Win32
		{95717FF6-B3A9-407C-A3F3-5956F00612E8}.Debug|x64.ActiveCfg = Debug|x64
		{95717FF6-B3A9-407C-A3F3-5956F00612E8}.Debug|x64.Build.0 = Debug|x64
		{95717FF6-B3A9-407C-A3F3-5956F00612E8}.Debug|x86.ActiveCfg = Debug|Win32
		{95717FF6-B3A9-407C-A3F3-5956F00612E8}.Debug|x86.Build.0 = Debug|Win32
		{95717FF6-B3A9-407C-A3F3-5956F00612E8}.Release|x64.ActiveCfg = Release|x64
		{95717FF6-B3A9-407C-A3F3-5956F00612E8}.Release|x64.Build.0 = Release|x64
		{95717FF6-B3A9-407C-A3F3-5956F00612E8}.Release|x86.ActiveCfg = Release|Win32
		{95717FF6-B3A9-407C-A3F3-5956F00612E8}.Release|x86.Build.0 = Release|Win32
		{A4894EB0-503F-4390-9598-BC277A560F26}.Debug|x64.ActiveCfg = Debug|x64
		{A4894EB0-503F-4390-9598-BC277A560F26}.Debug|x64.Build.0 = Debug|x64
		{A4894EB0-503F-4390-9598-BC277A560F26}.Debug|x86.ActiveCfg = Debug|Win32
		{A4894EB0-503F-4390-9598-BC277A560F26}.Debug|x86.Build.0 = Debug|Win32
		{A4894EB0-503F-4390-9598-BC277A560F26}.Release|x64.ActiveCfg = Release|x64
		{A4894EB0-503F-4390-9598-BC277A560F26}.Release|x64.Build.0 = Release|x64
		{A4894EB0-503F-4390-9598-BC277A560F26}.Release|x86.ActiveCfg = Release|Win32
		{A4894EB0-503F-4390-9598-BC277A560F26}.Release|x86.Build.0 = Release|Win32
		{C26F5421-5CE4-4D3C-9019-CA12FE437178}.Debug|x64.ActiveCfg = Debug|x64
		{C26F5421-5CE4-4D3C-9019-CA12FE437178}.Debug|x64.Build.0 = Debug|x64
		{C26F5421-5CE4-4D3C-9019-CA12FE437178}.Debug|x86.ActiveCfg = Debug|Win32
		{C26F5421-5CE4-4D3C-9019-CA12FE437178}.Debug|x86.Build.0 = Debug|Win32
		{C26F5421-5CE4-4D3C-9019-CA12FE437178}.Release|x64.ActiveCfg = Release|x64
		{C26F5421-5CE4-4D3C-9019-CA12FE437178}.Release|x64.Build.0 = Release|x64
		{C26F5421-5CE4-4D3C-9019-CA12FE437178}.Release|x86.ActiveCfg = Release|Win32
		{C26F5421-5CE4-4D3C-9019-CA12FE437178}.Release|x86.Build.0 = Release|Win32
		{8244DCC4-3234-4FB4-8C4D-386F4EBE40C2}.Debug|x64.ActiveCfg = Debug|x64
		{8244DCC4-3234-4FB4-8C4D-386F4EBE40C2}.Debug|x64.Build.0 = Debug|x64
		{8244DCC4-3234-4FB4-8C4D-386F4EBE40C2}.Debug|x86.ActiveCfg = Debug|Win32
		{8244DCC4-3234-4FB4-8C4D-386F4EBE40C2}.Debug|x86.Build.0 = Debug|Win32
		{8244DCC4-3234-4FB4-8C4D-386F4EBE40C2}.Release|x64.ActiveCfg = Release|x64
		{8244DCC4-3234-4FB4-8C4D-386F4EBE40C2}.Release|x64.Build.0 = Release|x64
		{8244DCC4-3234-4FB4-8C4D-386F4EBE40C2}.Release|x86.ActiveCfg = Release|Win32
		{8244DCC4-3234-4FB4-8C4D-386F4EBE40C2}.Release|x86.Build.0 = Release|Win32
		{54CE5F23-FD09-4F09-A442-A63493A2D80D}.Debug|x64.ActiveCfg = Debug|x64
		{54CE5F23-FD09-4F09-A442-A63493A2D80D}.Debug|x64.Build.0 = Debug|x64
		{54CE5F23-FD09-4F09-A442-A63493A2D80D}.Debug|x86.ActiveCfg = Debug|Win32
		{54CE5F23-FD09-4F09-A442-A63493A2D80D}.Debug|x86.Build.0 = Debug|Win32
		{54CE5F23-FD09-4F09-A442-A63493A2D80D}.Release|x64.ActiveCfg = Release|x64
		{54CE5F23-FD09-4F09-A442-A63493A2D80D}.Release|x64.Build.0 = Release|x64
		{54CE5F23-FD09-4F09-A442-A63493A2D80D}.Release|x86.ActiveCfg = Release|Win32
		{54CE5F23-FD09-4F09-A442-A63493A2D80D}.Release|x86.Build.0 = Release|Win32
		{54BEDBC4-8D39-44C8-96A9-E8295F67647D}.Debug|x64.ActiveCfg = Debug|x64
		{54BEDBC4-8D39-44C8-96A9-E8295F67647D}.Debug|x64.Build.0 = Debug|x64
		{54BEDBC4-8D39-44C8-96A9-E8295F67647D}.Debug|x86.ActiveCfg = Debug|Win32
		{54BEDBC4-8D39-44C8-96A9-E8295F67647D}.Debug|x86.Build.0 = Debug|Win32
		{54BEDBC4-8D39-44C8-96A9-E8295F67647D}.Release|x64.ActiveCfg = Release|x64
		{54BEDBC4-8D39-44C8-96A9-E8295F67647D}.Release|x64.Build.0 = Release|x64
		{54BEDBC4-8D39-44C8-96A9-E8295F67647D}.Release|x86.ActiveCfg = Release|Win32
		{54BEDBC4-8D39-44C8-96A9-E8295F67647D}.Release|x86.Build.0 = Release|Win32
		{E293BF99-A6BD-4838-8BF6-A0A3F69DBE92}.Debug|x64.ActiveCfg = Debug|x64
		{E293BF99-A6BD-4838-8BF6-A0A3F69DBE92}.Debug|x64.Build.0 = Debug|x64
		{E293BF99-A6BD-4838-8BF6-A0A3F69DBE92}.Debug|x86.ActiveCfg = Debug|Win32
		{E293BF99-A6BD-4838-8BF6-A0A3F69DBE92}.Debug|x86.Build.0 = Debug|Win32
		{E293BF99-A6BD-4838-8BF6-A0A3F69DBE92}.Release|x64.ActiveCfg = Release|x64
		{E293BF99-A6BD-4838-8BF6-A0A3F69DBE92}.Release|x64.Build.0 = Release|x64
		{E293BF99-A6BD-4838-8BF6-A0A3F69DBE92}.Release|x86.ActiveCfg = Release|Win32
		{E293BF99-A6BD-4838-8BF6-A0A3F69DBE92}.Release|x86.Build.0 = Release|Win32
		{D8829339-5657-4486-845A-9623EF0A3B72}.Debug|x64.ActiveCfg = Debug|x64
		{D8829339-5657-4486-845A-9623EF0A3B72}.Debug|x64.Build.0 = Debug|x64
		{D8829339-5657-4486-845A-9623EF0A3B72}.Debug|x86.ActiveCfg = Debug|Win32
		{D8829339-5657-4486-845A-9623EF0A3B72}.Debug|x86.Build.0 = Debug|Win32
		{D8829339-5657-4486-845A-9623EF0A3B72}.Release|x64.ActiveCfg = Release|x64
		{D8829339-5657-4486-845A-9623EF0A3B72}.Release|x64.Build.0 = Release|x64
		{D8829339-5657-4486-845A-9623EF0A3B72}.Release|x86.ActiveCfg = Release|Win32
		{D8829339-5657-4486-845A-9623EF0A3B72}.Release|x86.Build.0 = Release|Win32
		{85D5C613-7FC1-466A-970D-2898C2DAA5A3}.Debug|x64.ActiveCfg = Debug|x64
		{85D5C613-7FC1-466A-970D-2898C2DAA5A3}.Debug|x64.Build.0 = Debug|x64
		{85D5C613-7FC1-466A-970D-2898C2DAA5A3}.Debug|x86.ActiveCfg = Debug|Win32
		{85D5C613-7FC1-466A-970D-2898C2DAA5A3}.Debug|x86.Build.0 = Debug|Win32
		{85D5C613-7FC1-466A-970D-2898C2DAA5A3}.Release|x64.ActiveCfg = Release|x64
		{85D5C613-7FC1-466A-970D-2898C2DAA5A3}.Release|x64.Build.0 = Release|x64
		{85D5C613-7FC1-466A-970D-2898C2DAA5A3}.Release|x86.ActiveCfg = Release|Win32
		{85D5C613-7FC1-466A-970D-2898C2DAA5A3}.Release|x86.Build.0 = Release|Win32
		{5688F2E6-EE21-4C19-A92D-7A12B09F951C}.Debug|x64.ActiveCfg = Debug|x64
		{5688F2E6-EE21-4C19-A92D-7A12B09F951C}.Debug|x64.Build.0 = Debug|x64
		{5688F2E6-EE21-4C19-A92D-7A12B09F951C}.Debug|x86.ActiveCfg = Debug|Win32
		{5688F2E6-EE21-4C19-A92D-7A12B09F951C}.Debug|x86.Build.0 = Debug|Win32
		{5688F2E6-EE21-4C19-A92D-7A12B09F951C}.Release|x64.ActiveCfg = Release|x64
		{5688F2E6-EE21-4C19-A92D-7A12B09F951C}.Release|x64.Build.0 = Release|x64
		{5688F2E6-EE21-4C19-A92D-7A12B09F951C}.Release|x86.ActiveCfg = Release|Win32
		{5688F2E6-EE21-4C19-A92D-7A12B09F951C}.Release|x86.Build.0 = Release|Win32
		{E413ADE7-63E2-4851-8684-C0C2E0C5319D}.Debug|x64.ActiveCfg = Debug|x64
		{E413ADE7-63E2-4851-8684-C0C2E0C5319D}.Debug|x64.Build.0 = Debug|x64
		{E413ADE7-63E2-4851-8684-C0C2E0C5319D}.Debug|x86.ActiveCfg = Debug|Win32
		{E413ADE7-63E2-4851-8684-C0C2E0C5319D}.Debug|x86.Build.0 = Debug|Win32
		{E413ADE7-63E2-4851-8684-C0C2E0C5319D}.Release|x64.ActiveCfg = Release|x64
		{E413ADE7-63E2-4851-8684-C0C2E0C5319D}.Release|x64.Build.0 = Release|x64
		{E413ADE7-63E2-4851-8684-C0C2E0C5319D}.Release|x86.ActiveCfg = Release|Win32
		{E413ADE7-63E2-4851-8684-C0C2E0C5319D}.Release|x86.Build.0 = Release|Win32
		{6FAC5F9C-1B57-4EC0-A9E6-8A81339502CD}.Debug|x64.ActiveCfg = Debug|x64
		{6FAC5F9C-1B57-4EC0-A9E6-8A81339502CD}.Debug|x64.Build.0 = Debug|x64
		{6FAC5F9C-1B57-4EC0-A9E6-8A81339502CD}.Debug|x86.ActiveCfg = Debug|Win32
		{6FAC5F9C-1B57-4EC0-A9E6-8A81339502CD}.Debug|x86.Build.0 = Debug|Win32
		{6FAC5F9C-1B57-4EC0-A9E6-8A81339502CD}.Release|x64.ActiveCfg = Release|x64
		{6FAC5F9C-1B57-4EC0-A9E6-8A81339502CD}.Release|x64.Build.0 = Release|x64
		{6FAC5F9C-1B57-4EC0-A9E6-8A81339502CD}.Release|x86.ActiveCfg = Release|Win32
		{6FAC5F9C-1B57-4EC0-A9E6-8A81339502CD}.Release|x86.Build.0 = Release|Win32
		{1A095AE8-9BA6-4599-BA4D-28ED012F3E71}.Debug|x64.ActiveCfg = Debug|x64
		{1A095AE8-9BA6-4599-BA4D-28ED012F3E71}.Debug|x64.Build.0 = Debug|x64
		{1A095AE8-9BA6-4599-BA4D-28ED012F3E71}.Debug|x86.ActiveCfg = Debug|Win32
		{1A095AE8-9BA6-4599-BA4D-28ED012F3E71}.Debug|x86.Build.0 = Debug|Win32
		{1A095AE8-9BA6-4599-BA4D-28ED012F3E71}.Release|x64.ActiveCfg = Release|x64
		{1A095AE8-9BA6-4599-BA4D-28ED012F3E71}.Release|x64.Build.0 = Release|x64
		{1A095AE8-9BA6-4599-BA4D-28ED012F3E71}.Release|x86.ActiveCfg = Release|Win32
		{1A095AE8-9BA6-4599-BA4D-28ED012F3E71}.Release|x86.Build.0 = Release|Win32
		{39FCA48B-1344-400D-AAF5-79C6821205D0}.Debug|x64.ActiveCfg = Debug|x64
		{39FCA48B-1344-400D-AAF5-79C6821205D0}.Debug|x64.Build.0 = Debug|x64
		{39FCA48B-1344-400D-AAF5-79C6821205D0}.Debug|x86.ActiveCfg = Debug|Win32
		{39FCA48B-1344-400D-AAF5-79C6821205D0}.Debug|x86.Build.0 = Debug|Win32
		{39FCA48B-1344-400D-AAF5-79C6821205D0}.Release|x64.ActiveCfg = Release|x64
		{39FCA48B-1344-400D-AAF5-79C6821205D0}.Release|x64.Build.0 = Release|x64
		{39FCA48B-1344-400D-AAF5-79C6821205D0}.Release|x86.ActiveCfg = Release|Win32
		{39FCA48B-1344-400D-AAF5-79C6821205D0}.Release|x86.Build.0 = Release|Win32
		{3563CC4B-CFFF-468C-8361-EA7D3B0EBF7C}.Debug|x64.ActiveCfg = Debug|x64
		{3563CC4B-CFFF-468C-8361-EA7D3B0EBF7C}.Debug|x64.Build.0 = Debug|x64
		{3563CC4B-CFFF-468C-8361-EA7D3B0EBF7C}.Debug|x86.ActiveCfg = Debug|Win32
		{3563CC4B-CFFF-468C-8361-EA7D3B0EBF7C}.Debug|x86.Build.0 = Debug|Win32
		{3563CC4B-CFFF-468C-8361-EA7D3B0EBF7C}.Release|x64.ActiveCfg = Release|x64
		{3563CC4B-CFFF-468C-8361-EA7D3B0EBF7C}.Release|x64.Build.0 = Release|x64
		{3563CC4B-CFFF-468C-8361-EA7D3B0EBF7C}.Release|x86.ActiveCfg = Release|Win32
		{3563CC4B-CFFF-468C-8361-EA7D3B0EBF7C}.Release|x86.Build.0 = Release|Win32
		{25A1418C-2EF0-4B38-8CF9-33F3B4BC8198}.Debug|x64.ActiveCfg = Debug|x64
		{25A1418C-2EF0-4B38-8CF9-33F3B4BC8198}.Debug|x64.Build.0 = Debug|x64
		{25A1418C-2EF0-4B38-8CF9-33F3B4BC8198}.Debug|x86.ActiveCfg = Debug|Win32
		{25A1418C-2EF0-4B38-8CF9-33F3B4BC8198}.Debug|x86.Build.0 = Debug|Win32
		{25A1418C-2EF0-4B38-8CF9-33F3B4BC8198}.Release|x64.ActiveCfg = Release|x64
		{25A1418C-2EF0-4B38-8CF9-33F3B4BC8198}.Release|x64.Build.0 = Release|x64
		{25A1418C-2EF0-4B38-8CF9-33F3B4BC8198}.Release|x86.ActiveCfg = Release|Win32
		{25A1418C-2EF0-4B38-8CF9-33F3B4BC8198}.Release|x86.Build.0 = Release|Win32
		{C3362E21-C3FB-40E6-8AAE-E1AD82839E14}.Debug|x64.ActiveCfg = Debug|x64
		{C3362E21-C3FB-40E6-8AAE-E1AD82839E14}.Debug|x64.Build.0 = Debug|x64
		{C3362E21-C3FB-40E6-8AAE-E1AD82839E14}.Debug|x86.ActiveCfg = Debug|Win32
		{C3362E21-C3FB-40E6-8AAE-E1AD82839E14}.Debug|x86.Build.0 = Debug|Win32
		{C3362E21-C3FB-40E6-8AAE-E1AD82839E14}.Release|x64.ActiveCfg = Release|x64
		{C3362E21-C3FB-40E6-8AAE-E1AD82839E14}.Release|x64.Build.0 = Release|x64
		{C3362E21-C3FB-40E6-8AAE-E1AD82839E14}.Release|x86.ActiveCfg = Release|Win32
		{C3362E21-C3FB-40E6-8AAE-E1AD82839E14}.Release|x86.Build.0 = Release|Win32
		{7E319756-6FD5-42B9-A3D6-9CF78F9003C0}.Debug|x64.ActiveCfg = Debug|x64
		{7E319756-6FD5-42B9-A3D6-9CF78F9003C0}.Debug|x64.Build.0 = Debug|x64
		{7E319756-6FD5-42B9-A3D6-9CF78F9003C0}.Debug|x86.ActiveCfg = Debug|Win32
		{7E319756-6FD5-42B9-A3D6-9CF78F9003C0}.Debug|x86.Build.0 = Debug|Win32
		{7E319756-6FD5-42B9-A3D6-9CF78F9003C0}.Release|x64.ActiveCfg = Release|x64
		{7E319756-6FD5-42B9-A3D6-9CF78F9003C0}.Release|x64.Build.0 = Release|x64
		{7E319756-6FD5-42B9-A3D6-9CF78F9003C0}.Release|x86.ActiveCfg = Release|Win32
		{7E319756-6FD5-42B9-A3D6-9CF78F9003C0}.Release|x86.Build.0 = Release|Win32
		{2E7C6015-1CCE-41EB-AE07-727DA1D68618}.Debug|x64.ActiveCfg = Debug|x64
		{2E7C6015-1CCE-41EB-AE07-727DA1D68618}.Debug|x64.Build.0 = Debug|x64
		{2E7C6015-1CCE-41EB-AE07-727DA1D68618}.Debug|x86.ActiveCfg = Debug|Win32
		{2E7C6015-1CCE-41EB-AE07-727DA1D68618}.Debug|x86.Build.0 = Debug|Win32
		{2E7C6015-1CCE-41EB-AE07-727DA1D68618}.Release|x64.ActiveCfg = Release|x64
		{2E7C6015-1CCE-41EB-AE07-727DA1D68618}.Release|x64.Build.0 = Release|x64
		{2E7C6015-1CCE-41EB-AE07-727DA1D68618}.Release|x86.ActiveCfg = Release|Win32
		{2E7C6015-1CCE-41EB-AE07-727DA1D68618}.Release|x86.Build.0 = Release|Win32
	EndGlobalSection
	GlobalSection(SolutionProperties) = preSolution
		HideSolutionNode = FALSE
	EndGlobalSection
	GlobalSection(ExtensibilityGlobals) = postSolution
		SolutionGuid = {BDC85C33-B4BF-49F8-B768-238CDD432BF0}
	EndGlobalSection
EndGlobal
