
Microsoft Visual Studio Solution File, Format Version 12.00
# Visual Studio Version 17
VisualStudioVersion = 17.7.34031.279
MinimumVisualStudioVersion = 10.0.40219.1
Project("{8BC9CEB8-8B4A-11D0-8D11-00A0C91BC942}") = "Bai001", "Bai001\Bai001.vcxproj", "{85D5C613-7FC1-466A-970D-2898C2DAA5A3}"
EndProject
Project("{8BC9CEB8-8B4A-11D0-8D11-00A0C91BC942}") = "Bai006", "Bai006\Bai006.vcxproj", "{5688F2E6-EE21-4C19-A92D-7A12B09F951C}"
EndProject
Project("{8BC9CEB8-8B4A-11D0-8D11-00A0C91BC942}") = "Bai011", "Bai011\Bai011.vcxproj", "{E413ADE7-63E2-4851-8684-C0C2E0C5319D}"
EndProject
Project("{8BC9CEB8-8B4A-11D0-8D11-00A0C91BC942}") = "Bai016", "Bai016\Bai016.vcxproj", "{6FAC5F9C-1B57-4EC0-A9E6-8A81339502CD}"
EndProject
Project("{8BC9CEB8-8B4A-11D0-8D11-00A0C91BC942}") = "Bai021", "Bai021\Bai021.vcxproj", "{1A095AE8-9BA6-4599-BA4D-28ED012F3E71}"
EndProject
Project("{8BC9CEB8-8B4A-11D0-8D11-00A0C91BC942}") = "Bai026", "Bai026\Bai026.vcxproj", "{39FCA48B-1344-400D-AAF5-79C6821205D0}"
EndProject
Project("{8BC9CEB8-8B4A-11D0-8D11-00A0C91BC942}") = "Bai031", "Bai031\Bai031.vcxproj", "{3563CC4B-CFFF-468C-8361-EA7D3B0EBF7C}"
EndProject
Project("{8BC9CEB8-8B4A-11D0-8D11-00A0C91BC942}") = "Bai036", "Bai036\Bai036.vcxproj", "{25A1418C-2EF0-4B38-8CF9-33F3B4BC8198}"
EndProject
Project("{8BC9CEB8-8B4A-11D0-8D11-00A0C91BC942}") = "Bai041", "Bai041\Bai041.vcxproj", "{C3362E21-C3FB-40E6-8AAE-E1AD82839E14}"
EndProject
Global
	GlobalSection(SolutionConfigurationPlatforms) = preSolution
		Debug|x64 = Debug|x64
		Debug|x86 = Debug|x86
		Release|x64 = Release|x64
		Release|x86 = Release|x86
	EndGlobalSection
	GlobalSection(ProjectConfigurationPlatforms) = postSolution
		{85D5C613-7FC1-466A-970D-2898C2DAA5A3}.Debug|x64.ActiveCfg = Debug|x64
		{85D5C613-7FC1-466A-970D-2898C2DAA5A3}.Debug|x64.Build.0 = Debug|x64
		{85D5C613-7FC1-466A-970D-2898C2DAA5A3}.Debug|x86.ActiveCfg = Debug|Win32
		{85D5C613-7FC1-466A-970D-2898C2DAA5A3}.Debug|x86.Build.0 = Debug|Win32
		{85D5C613-7FC1-466A-970D-2898C2DAA5A3}.Release|x64.ActiveCfg = Release|x64
		{85D5C613-7FC1-466A-970D-2898C2DAA5A3}.Release|x64.Build.0 = Release|x64
		{85D5C613-7FC1-466A-970D-2898C2DAA5A3}.Release|x86.ActiveCfg = Release|Win32
		{85D5C613-7FC1-466A-970D-2898C2DAA5A3}.Release|x86.Build.0 = Release|Win32
		{5688F2E6-EE21-4C19-A92D-7A12B09F951C}.Debug|x64.ActiveCfg = Debug|x64
		{5688F2E6-EE21-4C19-A92D-7A12B09F951C}.Debug|x64.Build.0 = Debug|x64
		{5688F2E6-EE21-4C19-A92D-7A12B09F951C}.Debug|x86.ActiveCfg = Debug|Win32
		{5688F2E6-EE21-4C19-A92D-7A12B09F951C}.Debug|x86.Build.0 = Debug|Win32
		{5688F2E6-EE21-4C19-A92D-7A12B09F951C}.Release|x64.ActiveCfg = Release|x64
		{5688F2E6-EE21-4C19-A92D-7A12B09F951C}.Release|x64.Build.0 = Release|x64
		{5688F2E6-EE21-4C19-A92D-7A12B09F951C}.Release|x86.ActiveCfg = Release|Win32
		{5688F2E6-EE21-4C19-A92D-7A12B09F951C}.Release|x86.Build.0 = Release|Win32
		{E413ADE7-63E2-4851-8684-C0C2E0C5319D}.Debug|x64.ActiveCfg = Debug|x64
		{E413ADE7-63E2-4851-8684-C0C2E0C5319D}.Debug|x64.Build.0 = Debug|x64
		{E413ADE7-63E2-4851-8684-C0C2E0C5319D}.Debug|x86.ActiveCfg = Debug|Win32
		{E413ADE7-63E2-4851-8684-C0C2E0C5319D}.Debug|x86.Build.0 = Debug|Win32
		{E413ADE7-63E2-4851-8684-C0C2E0C5319D}.Release|x64.ActiveCfg = Release|x64
		{E413ADE7-63E2-4851-8684-C0C2E0C5319D}.Release|x64.Build.0 = Release|x64
		{E413ADE7-63E2-4851-8684-C0C2E0C5319D}.Release|x86.ActiveCfg = Release|Win32
		{E413ADE7-63E2-4851-8684-C0C2E0C5319D}.Release|x86.Build.0 = Release|Win32
		{6FAC5F9C-1B57-4EC0-A9E6-8A81339502CD}.Debug|x64.ActiveCfg = Debug|x64
		{6FAC5F9C-1B57-4EC0-A9E6-8A81339502CD}.Debug|x64.Build.0 = Debug|x64
		{6FAC5F9C-1B57-4EC0-A9E6-8A81339502CD}.Debug|x86.ActiveCfg = Debug|Win32
		{6FAC5F9C-1B57-4EC0-A9E6-8A81339502CD}.Debug|x86.Build.0 = Debug|Win32
		{6FAC5F9C-1B57-4EC0-A9E6-8A81339502CD}.Release|x64.ActiveCfg = Release|x64
		{6FAC5F9C-1B57-4EC0-A9E6-8A81339502CD}.Release|x64.Build.0 = Release|x64
		{6FAC5F9C-1B57-4EC0-A9E6-8A81339502CD}.Release|x86.ActiveCfg = Release|Win32
		{6FAC5F9C-1B57-4EC0-A9E6-8A81339502CD}.Release|x86.Build.0 = Release|Win32
		{1A095AE8-9BA6-4599-BA4D-28ED012F3E71}.Debug|x64.ActiveCfg = Debug|x64
		{1A095AE8-9BA6-4599-BA4D-28ED012F3E71}.Debug|x64.Build.0 = Debug|x64
		{1A095AE8-9BA6-4599-BA4D-28ED012F3E71}.Debug|x86.ActiveCfg = Debug|Win32
		{1A095AE8-9BA6-4599-BA4D-28ED012F3E71}.Debug|x86.Build.0 = Debug|Win32
		{1A095AE8-9BA6-4599-BA4D-28ED012F3E71}.Release|x64.ActiveCfg = Release|x64
		{1A095AE8-9BA6-4599-BA4D-28ED012F3E71}.Release|x64.Build.0 = Release|x64
		{1A095AE8-9BA6-4599-BA4D-28ED012F3E71}.Release|x86.ActiveCfg = Release|Win32
		{1A095AE8-9BA6-4599-BA4D-28ED012F3E71}.Release|x86.Build.0 = Release|Win32
		{39FCA48B-1344-400D-AAF5-79C6821205D0}.Debug|x64.ActiveCfg = Debug|x64
		{39FCA48B-1344-400D-AAF5-79C6821205D0}.Debug|x64.Build.0 = Debug|x64
		{39FCA48B-1344-400D-AAF5-79C6821205D0}.Debug|x86.ActiveCfg = Debug|Win32
		{39FCA48B-1344-400D-AAF5-79C6821205D0}.Debug|x86.Build.0 = Debug|Win32
		{39FCA48B-1344-400D-AAF5-79C6821205D0}.Release|x64.ActiveCfg = Release|x64
		{39FCA48B-1344-400D-AAF5-79C6821205D0}.Release|x64.Build.0 = Release|x64
		{39FCA48B-1344-400D-AAF5-79C6821205D0}.Release|x86.ActiveCfg = Release|Win32
		{39FCA48B-1344-400D-AAF5-79C6821205D0}.Release|x86.Build.0 = Release|Win32
		{3563CC4B-CFFF-468C-8361-EA7D3B0EBF7C}.Debug|x64.ActiveCfg = Debug|x64
		{3563CC4B-CFFF-468C-8361-EA7D3B0EBF7C}.Debug|x64.Build.0 = Debug|x64
		{3563CC4B-CFFF-468C-8361-EA7D3B0EBF7C}.Debug|x86.ActiveCfg = Debug|Win32
		{3563CC4B-CFFF-468C-8361-EA7D3B0EBF7C}.Debug|x86.Build.0 = Debug|Win32
		{3563CC4B-CFFF-468C-8361-EA7D3B0EBF7C}.Release|x64.ActiveCfg = Release|x64
		{3563CC4B-CFFF-468C-8361-EA7D3B0EBF7C}.Release|x64.Build.0 = Release|x64
		{3563CC4B-CFFF-468C-8361-EA7D3B0EBF7C}.Release|x86.ActiveCfg = Release|Win32
		{3563CC4B-CFFF-468C-8361-EA7D3B0EBF7C}.Release|x86.Build.0 = Release|Win32
		{25A1418C-2EF0-4B38-8CF9-33F3B4BC8198}.Debug|x64.ActiveCfg = Debug|x64
		{25A1418C-2EF0-4B38-8CF9-33F3B4BC8198}.Debug|x64.Build.0 = Debug|x64
		{25A1418C-2EF0-4B38-8CF9-33F3B4BC8198}.Debug|x86.ActiveCfg = Debug|Win32
		{25A1418C-2EF0-4B38-8CF9-33F3B4BC8198}.Debug|x86.Build.0 = Debug|Win32
		{25A1418C-2EF0-4B38-8CF9-33F3B4BC8198}.Release|x64.ActiveCfg = Release|x64
		{25A1418C-2EF0-4B38-8CF9-33F3B4BC8198}.Release|x64.Build.0 = Release|x64
		{25A1418C-2EF0-4B38-8CF9-33F3B4BC8198}.Release|x86.ActiveCfg = Release|Win32
		{25A1418C-2EF0-4B38-8CF9-33F3B4BC8198}.Release|x86.Build.0 = Release|Win32
		{C3362E21-C3FB-40E6-8AAE-E1AD82839E14}.Debug|x64.ActiveCfg = Debug|x64
		{C3362E21-C3FB-40E6-8AAE-E1AD82839E14}.Debug|x64.Build.0 = Debug|x64
		{C3362E21-C3FB-40E6-8AAE-E1AD82839E14}.Debug|x86.ActiveCfg = Debug|Win32
		{C3362E21-C3FB-40E6-8AAE-E1AD82839E14}.Debug|x86.Build.0 = Debug|Win32
		{C3362E21-C3FB-40E6-8AAE-E1AD82839E14}.Release|x64.ActiveCfg = Release|x64
		{C3362E21-C3FB-40E6-8AAE-E1AD82839E14}.Release|x64.Build.0 = Release|x64
		{C3362E21-C3FB-40E6-8AAE-E1AD82839E14}.Release|x86.ActiveCfg = Release|Win32
		{C3362E21-C3FB-40E6-8AAE-E1AD82839E14}.Release|x86.Build.0 = Release|Win32
	EndGlobalSection
	GlobalSection(SolutionProperties) = preSolution
		HideSolutionNode = FALSE
	EndGlobalSection
	GlobalSection(ExtensibilityGlobals) = postSolution
		SolutionGuid = {45061639-ABB6-45F7-950A-923444E31740}
	EndGlobalSection
EndGlobal
